
Microsoft Visual Studio Solution File, Format Version 12.00
# Visual Studio Version 17
VisualStudioVersion = 17.1.32414.318
MinimumVisualStudioVersion = 10.0.40219.1
Project("{FAE04EC0-301F-11D3-BF4B-00C04F79EFBC}") = "UcakBiletRezervasiyonSistemi", "UcakBiletRezervasiyonSistemi\UcakBiletRezervasiyonSistemi.csproj", "{941434E9-22B6-42AE-82E7-1B30888A8F90}"
EndProject
Global
	GlobalSection(SolutionConfigurationPlatforms) = preSolution
		Debug|Any CPU = Debug|Any CPU
		Release|Any CPU = Release|Any CPU
	EndGlobalSection
	GlobalSection(ProjectConfigurationPlatforms) = postSolution
		{941434E9-22B6-42AE-82E7-1B30888A8F90}.Debug|Any CPU.ActiveCfg = Debug|Any CPU
		{941434E9-22B6-42AE-82E7-1B30888A8F90}.Debug|Any CPU.Build.0 = Debug|Any CPU
		{941434E9-22B6-42AE-82E7-1B30888A8F90}.Release|Any CPU.ActiveCfg = Release|Any CPU
		{941434E9-22B6-42AE-82E7-1B30888A8F90}.Release|Any CPU.Build.0 = Release|Any CPU
	EndGlobalSection
	GlobalSection(SolutionProperties) = preSolution
		HideSolutionNode = FALSE
	EndGlobalSection
	GlobalSection(ExtensibilityGlobals) = postSolution
		SolutionGuid = {D38B0801-4CB8-45CE-B7FD-0EA844303907}
	EndGlobalSection
EndGlobal
